
Microsoft Visual Studio Solution File, Format Version 12.00
Project("{FAE04EC0-301F-11D3-BF4B-00C04F79EFBC}") = "Calliope", "Calliope\Calliope.csproj", "{9CBFA2C4-6A87-43CF-8D06-06D82BCEFE1D}"
EndProject
Project("{FAE04EC0-301F-11D3-BF4B-00C04F79EFBC}") = "Calliope.Tests", "..\tests\Calliope.Tests\Calliope.Tests.csproj", "{80799E3E-4DB7-4891-BC98-BC4B08EF3FBB}"
EndProject
Global
	GlobalSection(SolutionConfigurationPlatforms) = preSolution
		Debug|Any CPU = Debug|Any CPU
		Release|Any CPU = Release|Any CPU
	EndGlobalSection
	GlobalSection(ProjectConfigurationPlatforms) = postSolution
		{9CBFA2C4-6A87-43CF-8D06-06D82BCEFE1D}.Debug|Any CPU.ActiveCfg = Debug|Any CPU
		{9CBFA2C4-6A87-43CF-8D06-06D82BCEFE1D}.Debug|Any CPU.Build.0 = Debug|Any CPU
		{9CBFA2C4-6A87-43CF-8D06-06D82BCEFE1D}.Release|Any CPU.ActiveCfg = Release|Any CPU
		{9CBFA2C4-6A87-43CF-8D06-06D82BCEFE1D}.Release|Any CPU.Build.0 = Release|Any CPU
		{80799E3E-4DB7-4891-BC98-BC4B08EF3FBB}.Debug|Any CPU.ActiveCfg = Debug|Any CPU
		{80799E3E-4DB7-4891-BC98-BC4B08EF3FBB}.Debug|Any CPU.Build.0 = Debug|Any CPU
		{80799E3E-4DB7-4891-BC98-BC4B08EF3FBB}.Release|Any CPU.ActiveCfg = Release|Any CPU
		{80799E3E-4DB7-4891-BC98-BC4B08EF3FBB}.Release|Any CPU.Build.0 = Release|Any CPU
	EndGlobalSection
EndGlobal
